
Microsoft Visual Studio Solution File, Format Version 12.00
# Visual Studio Version 16
VisualStudioVersion = 16.0.30907.101
MinimumVisualStudioVersion = 10.0.40219.1
Project("{FAE04EC0-301F-11D3-BF4B-00C04F79EFBC}") = "flower_backend", "flower_backend\flower_backend.csproj", "{084A12F2-1AA7-44E8-8518-8E39B22BF7B9}"
EndProject
Global
	GlobalSection(SolutionConfigurationPlatforms) = preSolution
		Debug|Any CPU = Debug|Any CPU
		Release|Any CPU = Release|Any CPU
	EndGlobalSection
	GlobalSection(ProjectConfigurationPlatforms) = postSolution
		{084A12F2-1AA7-44E8-8518-8E39B22BF7B9}.Debug|Any CPU.ActiveCfg = Debug|Any CPU
		{084A12F2-1AA7-44E8-8518-8E39B22BF7B9}.Debug|Any CPU.Build.0 = Debug|Any CPU
		{084A12F2-1AA7-44E8-8518-8E39B22BF7B9}.Release|Any CPU.ActiveCfg = Release|Any CPU
		{084A12F2-1AA7-44E8-8518-8E39B22BF7B9}.Release|Any CPU.Build.0 = Release|Any CPU
	EndGlobalSection
	GlobalSection(SolutionProperties) = preSolution
		HideSolutionNode = FALSE
	EndGlobalSection
	GlobalSection(ExtensibilityGlobals) = postSolution
		SolutionGuid = {47FDF5DA-3055-4472-8A6A-AB6256FEBF58}
	EndGlobalSection
EndGlobal
